// !$*UTF8*$!
{
	archiveVersion = 1;
	classes = {
	};
	objectVersion = 50;
	objects = {

/* Begin PBXBuildFile section */
		229FDD532464F97B009B9856 /* AppDelegate.swift in Sources */ = {isa = PBXBuildFile; fileRef = 229FDD522464F97B009B9856 /* AppDelegate.swift */; };
		229FDD552464F97B009B9856 /* SceneDelegate.swift in Sources */ = {isa = PBXBuildFile; fileRef = 229FDD542464F97B009B9856 /* SceneDelegate.swift */; };
		229FDD572464F97B009B9856 /* ViewController.swift in Sources */ = {isa = PBXBuildFile; fileRef = 229FDD562464F97B009B9856 /* ViewController.swift */; };
		229FDD5A2464F97B009B9856 /* Main.storyboard in Resources */ = {isa = PBXBuildFile; fileRef = 229FDD582464F97B009B9856 /* Main.storyboard */; };
		229FDD5C2464F980009B9856 /* Assets.xcassets in Resources */ = {isa = PBXBuildFile; fileRef = 229FDD5B2464F980009B9856 /* Assets.xcassets */; };
		229FDD5F2464F980009B9856 /* LaunchScreen.storyboard in Resources */ = {isa = PBXBuildFile; fileRef = 229FDD5D2464F980009B9856 /* LaunchScreen.storyboard */; };
/* End PBXBuildFile section */

/* Begin PBXFileReference section */
		229FDD4F2464F97B009B9856 /* Thêm sách vào tủ,search sách.app */ = {isa = PBXFileReference; explicitFileType = wrapper.application; includeInIndex = 0; path = "Thêm sách vào tủ,search sách.app"; sourceTree = BUILT_PRODUCTS_DIR; };
		229FDD522464F97B009B9856 /* AppDelegate.swift */ = {isa = PBXFileReference; lastKnownFileType = sourcecode.swift; path = AppDelegate.swift; sourceTree = "<group>"; };
		229FDD542464F97B009B9856 /* SceneDelegate.swift */ = {isa = PBXFileReference; lastKnownFileType = sourcecode.swift; path = SceneDelegate.swift; sourceTree = "<group>"; };
		229FDD562464F97B009B9856 /* ViewController.swift */ = {isa = PBXFileReference; lastKnownFileType = sourcecode.swift; path = ViewController.swift; sourceTree = "<group>"; };
		229FDD592464F97B009B9856 /* Base */ = {isa = PBXFileReference; lastKnownFileType = file.storyboard; name = Base; path = Base.lproj/Main.storyboard; sourceTree = "<group>"; };
		229FDD5B2464F980009B9856 /* Assets.xcassets */ = {isa = PBXFileReference; lastKnownFileType = folder.assetcatalog; path = Assets.xcassets; sourceTree = "<group>"; };
		229FDD5E2464F980009B9856 /* Base */ = {isa = PBXFileReference; lastKnownFileType = file.storyboard; name = Base; path = Base.lproj/LaunchScreen.storyboard; sourceTree = "<group>"; };
		229FDD602464F980009B9856 /* Info.plist */ = {isa = PBXFileReference; lastKnownFileType = text.plist.xml; path = Info.plist; sourceTree = "<group>"; };
/* End PBXFileReference section */

/* Begin PBXFrameworksBuildPhase section */
		229FDD4C2464F97B009B9856 /* Frameworks */ = {
			isa = PBXFrameworksBuildPhase;
			buildActionMask = 2147483647;
			files = (
			);
			runOnlyForDeploymentPostprocessing = 0;
		};
/* End PBXFrameworksBuildPhase section */

/* Begin PBXGroup section */
		229FDD462464F97B009B9856 = {
			isa = PBXGroup;
			children = (
				229FDD512464F97B009B9856 /* Thêm sách vào tủ,search sách */,
				229FDD502464F97B009B9856 /* Products */,
			);
			sourceTree = "<group>";
		};
		229FDD502464F97B009B9856 /* Products */ = {
			isa = PBXGroup;
			children = (
				229FDD4F2464F97B009B9856 /* Thêm sách vào tủ,search sách.app */,
			);
			name = Products;
			sourceTree = "<group>";
		};
		229FDD512464F97B009B9856 /* Thêm sách vào tủ,search sách */ = {
			isa = PBXGroup;
			children = (
				229FDD522464F97B009B9856 /* AppDelegate.swift */,
				229FDD542464F97B009B9856 /* SceneDelegate.swift */,
				229FDD562464F97B009B9856 /* ViewController.swift */,
				229FDD582464F97B009B9856 /* Main.storyboard */,
				229FDD5B2464F980009B9856 /* Assets.xcassets */,
				229FDD5D2464F980009B9856 /* LaunchScreen.storyboard */,
				229FDD602464F980009B9856 /* Info.plist */,
			);
			path = "Thêm sách vào tủ,search sách";
			sourceTree = "<group>";
		};
/* End PBXGroup section */

/* Begin PBXNativeTarget section */
		229FDD4E2464F97B009B9856 /* Thêm sách vào tủ,search sách */ = {
			isa = PBXNativeTarget;
			buildConfigurationList = 229FDD632464F980009B9856 /* Build configuration list for PBXNativeTarget "Thêm sách vào tủ,search sách" */;
			buildPhases = (
				229FDD4B2464F97B009B9856 /* Sources */,
				229FDD4C2464F97B009B9856 /* Frameworks */,
				229FDD4D2464F97B009B9856 /* Resources */,
			);
			buildRules = (
			);
			dependencies = (
			);
			name = "Thêm sách vào tủ,search sách";
			productName = "Thêm sách vào tủ,search sách";
			productReference = 229FDD4F2464F97B009B9856 /* Thêm sách vào tủ,search sách.app */;
			productType = "com.apple.product-type.application";
		};
/* End PBXNativeTarget section */

/* Begin PBXProject section */
		229FDD472464F97B009B9856 /* Project object */ = {
			isa = PBXProject;
			attributes = {
				LastSwiftUpdateCheck = 1130;
				LastUpgradeCheck = 1130;
				ORGANIZATIONNAME = macOS;
				TargetAttributes = {
					229FDD4E2464F97B009B9856 = {
						CreatedOnToolsVersion = 11.3.1;
					};
				};
			};
			buildConfigurationList = 229FDD4A2464F97B009B9856 /* Build configuration list for PBXProject "Thêm sách vào tủ,search sách" */;
			compatibilityVersion = "Xcode 9.3";
			developmentRegion = en;
			hasScannedForEncodings = 0;
			knownRegions = (
				en,
				Base,
			);
			mainGroup = 229FDD462464F97B009B9856;
			productRefGroup = 229FDD502464F97B009B9856 /* Products */;
			projectDirPath = "";
			projectRoot = "";
			targets = (
				229FDD4E2464F97B009B9856 /* Thêm sách vào tủ,search sách */,
			);
		};
/* End PBXProject section */

/* Begin PBXResourcesBuildPhase section */
		229FDD4D2464F97B009B9856 /* Resources */ = {
			isa = PBXResourcesBuildPhase;
			buildActionMask = 2147483647;
			files = (
				229FDD5F2464F980009B9856 /* LaunchScreen.storyboard in Resources */,
				229FDD5C2464F980009B9856 /* Assets.xcassets in Resources */,
				229FDD5A2464F97B009B9856 /* Main.storyboard in Resources */,
			);
			runOnlyForDeploymentPostprocessing = 0;
		};
/* End PBXResourcesBuildPhase section */

/* Begin PBXSourcesBuildPhase section */
		229FDD4B2464F97B009B9856 /* Sources */ = {
			isa = PBXSourcesBuildPhase;
			buildActionMask = 2147483647;
			files = (
				229FDD572464F97B009B9856 /* ViewController.swift in Sources */,
				229FDD532464F97B009B9856 /* AppDelegate.swift in Sources */,
				229FDD552464F97B009B9856 /* SceneDelegate.swift in Sources */,
			);
			runOnlyForDeploymentPostprocessing = 0;
		};
/* End PBXSourcesBuildPhase section */

/* Begin PBXVariantGroup section */
		229FDD582464F97B009B9856 /* Main.storyboard */ = {
			isa = PBXVariantGroup;
			children = (
				229FDD592464F97B009B9856 /* Base */,
			);
			name = Main.storyboard;
			sourceTree = "<group>";
		};
		229FDD5D2464F980009B9856 /* LaunchScreen.storyboard */ = {
			isa = PBXVariantGroup;
			children = (
				229FDD5E2464F980009B9856 /* Base */,
			);
			name = LaunchScreen.storyboard;
			sourceTree = "<group>";
		};
/* End PBXVariantGroup section */

/* Begin XCBuildConfiguration section */
		229FDD612464F980009B9856 /* Debug */ = {
			isa = XCBuildConfiguration;
			buildSettings = {
				ALWAYS_SEARCH_USER_PATHS = NO;
				CLANG_ANALYZER_NONNULL = YES;
				CLANG_ANALYZER_NUMBER_OBJECT_CONVERSION = YES_AGGRESSIVE;
				CLANG_CXX_LANGUAGE_STANDARD = "gnu++14";
				CLANG_CXX_LIBRARY = "libc++";
				CLANG_ENABLE_MODULES = YES;
				CLANG_ENABLE_OBJC_ARC = YES;
				CLANG_ENABLE_OBJC_WEAK = YES;
				CLANG_WARN_BLOCK_CAPTURE_AUTORELEASING = YES;
				CLANG_WARN_BOOL_CONVERSION = YES;
				CLANG_WARN_COMMA = YES;
				CLANG_WARN_CONSTANT_CONVERSION = YES;
				CLANG_WARN_DEPRECATED_OBJC_IMPLEMENTATIONS = YES;
				CLANG_WARN_DIRECT_OBJC_ISA_USAGE = YES_ERROR;
				CLANG_WARN_DOCUMENTATION_COMMENTS = YES;
				CLANG_WARN_EMPTY_BODY = YES;
				CLANG_WARN_ENUM_CONVERSION = YES;
				CLANG_WARN_INFINITE_RECURSION = YES;
				CLANG_WARN_INT_CONVERSION = YES;
				CLANG_WARN_NON_LITERAL_NULL_CONVERSION = YES;
				CLANG_WARN_OBJC_IMPLICIT_RETAIN_SELF = YES;
				CLANG_WARN_OBJC_LITERAL_CONVERSION = YES;
				CLANG_WARN_OBJC_ROOT_CLASS = YES_ERROR;
				CLANG_WARN_RANGE_LOOP_ANALYSIS = YES;
				CLANG_WARN_STRICT_PROTOTYPES = YES;
				CLANG_WARN_SUSPICIOUS_MOVE = YES;
				CLANG_WARN_UNGUARDED_AVAILABILITY = YES_AGGRESSIVE;
				CLANG_WARN_UNREACHABLE_CODE = YES;
				CLANG_WARN__DUPLICATE_METHOD_MATCH = YES;
				COPY_PHASE_STRIP = NO;
				DEBUG_INFORMATION_FORMAT = dwarf;
				ENABLE_STRICT_OBJC_MSGSEND = YES;
				ENABLE_TESTABILITY = YES;
				GCC_C_LANGUAGE_STANDARD = gnu11;
				GCC_DYNAMIC_NO_PIC = NO;
				GCC_NO_COMMON_BLOCKS = YES;
				GCC_OPTIMIZATION_LEVEL = 0;
				GCC_PREPROCESSOR_DEFINITIONS = (
					"DEBUG=1",
					"$(inherited)",
				);
				GCC_WARN_64_TO_32_BIT_CONVERSION = YES;
				GCC_WARN_ABOUT_RETURN_TYPE = YES_ERROR;
				GCC_WARN_UNDECLARED_SELECTOR = YES;
				GCC_WARN_UNINITIALIZED_AUTOS = YES_AGGRESSIVE;
				GCC_WARN_UNUSED_FUNCTION = YES;
				GCC_WARN_UNUSED_VARIABLE = YES;
				IPHONEOS_DEPLOYMENT_TARGET = 13.2;
				MTL_ENABLE_DEBUG_INFO = INCLUDE_SOURCE;
				MTL_FAST_MATH = YES;
				ONLY_ACTIVE_ARCH = YES;
				SDKROOT = iphoneos;
				SWIFT_ACTIVE_COMPILATION_CONDITIONS = DEBUG;
				SWIFT_OPTIMIZATION_LEVEL = "-Onone";
			};
			name = Debug;
		};
		229FDD622464F980009B9856 /* Release */ = {
			isa = XCBuildConfiguration;
			buildSettings = {
				ALWAYS_SEARCH_USER_PATHS = NO;
				CLANG_ANALYZER_NONNULL = YES;
				CLANG_ANALYZER_NUMBER_OBJECT_CONVERSION = YES_AGGRESSIVE;
				CLANG_CXX_LANGUAGE_STANDARD = "gnu++14";
				CLANG_CXX_LIBRARY = "libc++";
				CLANG_ENABLE_MODULES = YES;
				CLANG_ENABLE_OBJC_ARC = YES;
				CLANG_ENABLE_OBJC_WEAK = YES;
				CLANG_WARN_BLOCK_CAPTURE_AUTORELEASING = YES;
				CLANG_WARN_BOOL_CONVERSION = YES;
				CLANG_WARN_COMMA = YES;
				CLANG_WARN_CONSTANT_CONVERSION = YES;
				CLANG_WARN_DEPRECATED_OBJC_IMPLEMENTATIONS = YES;
				CLANG_WARN_DIRECT_OBJC_ISA_USAGE = YES_ERROR;
				CLANG_WARN_DOCUMENTATION_COMMENTS = YES;
				CLANG_WARN_EMPTY_BODY = YES;
				CLANG_WARN_ENUM_CONVERSION = YES;
				CLANG_WARN_INFINITE_RECURSION = YES;
				CLANG_WARN_INT_CONVERSION = YES;
				CLANG_WARN_NON_LITERAL_NULL_CONVERSION = YES;
				CLANG_WARN_OBJC_IMPLICIT_RETAIN_SELF = YES;
				CLANG_WARN_OBJC_LITERAL_CONVERSION = YES;
				CLANG_WARN_OBJC_ROOT_CLASS = YES_ERROR;
				CLANG_WARN_RANGE_LOOP_ANALYSIS = YES;
				CLANG_WARN_STRICT_PROTOTYPES = YES;
				CLANG_WARN_SUSPICIOUS_MOVE = YES;
				CLANG_WARN_UNGUARDED_AVAILABILITY = YES_AGGRESSIVE;
				CLANG_WARN_UNREACHABLE_CODE = YES;
				CLANG_WARN__DUPLICATE_METHOD_MATCH = YES;
				COPY_PHASE_STRIP = NO;
				DEBUG_INFORMATION_FORMAT = "dwarf-with-dsym";
				ENABLE_NS_ASSERTIONS = NO;
				ENABLE_STRICT_OBJC_MSGSEND = YES;
				GCC_C_LANGUAGE_STANDARD = gnu11;
				GCC_NO_COMMON_BLOCKS = YES;
				GCC_WARN_64_TO_32_BIT_CONVERSION = YES;
				GCC_WARN_ABOUT_RETURN_TYPE = YES_ERROR;
				GCC_WARN_UNDECLARED_SELECTOR = YES;
				GCC_WARN_UNINITIALIZED_AUTOS = YES_AGGRESSIVE;
				GCC_WARN_UNUSED_FUNCTION = YES;
				GCC_WARN_UNUSED_VARIABLE = YES;
				IPHONEOS_DEPLOYMENT_TARGET = 13.2;
				MTL_ENABLE_DEBUG_INFO = NO;
				MTL_FAST_MATH = YES;
				SDKROOT = iphoneos;
				SWIFT_COMPILATION_MODE = wholemodule;
				SWIFT_OPTIMIZATION_LEVEL = "-O";
				VALIDATE_PRODUCT = YES;
			};
			name = Release;
		};
		229FDD642464F980009B9856 /* Debug */ = {
			isa = XCBuildConfiguration;
			buildSettings = {
				ASSETCATALOG_COMPILER_APPICON_NAME = AppIcon;
				CODE_SIGN_STYLE = Automatic;
				INFOPLIST_FILE = "Thêm sách vào tủ,search sách/Info.plist";
				LD_RUNPATH_SEARCH_PATHS = (
					"$(inherited)",
					"@executable_path/Frameworks",
				);
				PRODUCT_BUNDLE_IDENTIFIER = "huynghiem.The-m-sa-ch-va-o-tu--search-sa-ch";
				PRODUCT_NAME = "$(TARGET_NAME)";
				SWIFT_VERSION = 5.0;
				TARGETED_DEVICE_FAMILY = "1,2";
			};
			name = Debug;
		};
		229FDD652464F980009B9856 /* Release */ = {
			isa = XCBuildConfiguration;
			buildSettings = {
				ASSETCATALOG_COMPILER_APPICON_NAME = AppIcon;
				CODE_SIGN_STYLE = Automatic;
				INFOPLIST_FILE = "Thêm sách vào tủ,search sách/Info.plist";
				LD_RUNPATH_SEARCH_PATHS = (
					"$(inherited)",
					"@executable_path/Frameworks",
				);
				PRODUCT_BUNDLE_IDENTIFIER = "huynghiem.The-m-sa-ch-va-o-tu--search-sa-ch";
				PRODUCT_NAME = "$(TARGET_NAME)";
				SWIFT_VERSION = 5.0;
				TARGETED_DEVICE_FAMILY = "1,2";
			};
			name = Release;
		};
/* End XCBuildConfiguration section */

/* Begin XCConfigurationList section */
		229FDD4A2464F97B009B9856 /* Build configuration list for PBXProject "Thêm sách vào tủ,search sách" */ = {
			isa = XCConfigurationList;
			buildConfigurations = (
				229FDD612464F980009B9856 /* Debug */,
				229FDD622464F980009B9856 /* Release */,
			);
			defaultConfigurationIsVisible = 0;
			defaultConfigurationName = Release;
		};
		229FDD632464F980009B9856 /* Build configuration list for PBXNativeTarget "Thêm sách vào tủ,search sách" */ = {
			isa = XCConfigurationList;
			buildConfigurations = (
				229FDD642464F980009B9856 /* Debug */,
				229FDD652464F980009B9856 /* Release */,
			);
			defaultConfigurationIsVisible = 0;
			defaultConfigurationName = Release;
		};
/* End XCConfigurationList section */
	};
	rootObject = 229FDD472464F97B009B9856 /* Project object */;
}
